// !$*UTF8*$!
{
	archiveVersion = 1;
	classes = {
	};
	objectVersion = 50;
	objects = {

/* Begin PBXBuildFile section */
		32B86E312785076F008FF5A7 /* Tests_iOS.swift in Sources */ = {isa = PBXBuildFile; fileRef = 32B86E302785076F008FF5A7 /* Tests_iOS.swift */; };
		32B86E3C27850770008FF5A7 /* Tests_macOS.swift in Sources */ = {isa = PBXBuildFile; fileRef = 32B86E3B27850770008FF5A7 /* Tests_macOS.swift */; };
		32B86E3E27850770008FF5A7 /* DiceApp.swift in Sources */ = {isa = PBXBuildFile; fileRef = 32B86E1527850769008FF5A7 /* DiceApp.swift */; };
		32B86E3F27850770008FF5A7 /* DiceApp.swift in Sources */ = {isa = PBXBuildFile; fileRef = 32B86E1527850769008FF5A7 /* DiceApp.swift */; };
		32B86E4027850770008FF5A7 /* ContentView.swift in Sources */ = {isa = PBXBuildFile; fileRef = 32B86E1627850769008FF5A7 /* ContentView.swift */; };
		32B86E4127850770008FF5A7 /* ContentView.swift in Sources */ = {isa = PBXBuildFile; fileRef = 32B86E1627850769008FF5A7 /* ContentView.swift */; };
		32B86E4227850770008FF5A7 /* Assets.xcassets in Resources */ = {isa = PBXBuildFile; fileRef = 32B86E172785076F008FF5A7 /* Assets.xcassets */; };
		32B86E4327850770008FF5A7 /* Assets.xcassets in Resources */ = {isa = PBXBuildFile; fileRef = 32B86E172785076F008FF5A7 /* Assets.xcassets */; };
/* End PBXBuildFile section */

/* Begin PBXContainerItemProxy section */
		32B86E2D2785076F008FF5A7 /* PBXContainerItemProxy */ = {
			isa = PBXContainerItemProxy;
			containerPortal = 32B86E1027850769008FF5A7 /* Project object */;
			proxyType = 1;
			remoteGlobalIDString = 32B86E1B2785076F008FF5A7;
			remoteInfo = "Dice (iOS)";
		};
		32B86E3827850770008FF5A7 /* PBXContainerItemProxy */ = {
			isa = PBXContainerItemProxy;
			containerPortal = 32B86E1027850769008FF5A7 /* Project object */;
			proxyType = 1;
			remoteGlobalIDString = 32B86E232785076F008FF5A7;
			remoteInfo = "Dice (macOS)";
		};
/* End PBXContainerItemProxy section */

/* Begin PBXFileReference section */
		32B86E1527850769008FF5A7 /* DiceApp.swift */ = {isa = PBXFileReference; lastKnownFileType = sourcecode.swift; path = DiceApp.swift; sourceTree = "<group>"; };
		32B86E1627850769008FF5A7 /* ContentView.swift */ = {isa = PBXFileReference; lastKnownFileType = sourcecode.swift; path = ContentView.swift; sourceTree = "<group>"; };
		32B86E172785076F008FF5A7 /* Assets.xcassets */ = {isa = PBXFileReference; lastKnownFileType = folder.assetcatalog; path = Assets.xcassets; sourceTree = "<group>"; };
		32B86E1C2785076F008FF5A7 /* Dice.app */ = {isa = PBXFileReference; explicitFileType = wrapper.application; includeInIndex = 0; path = Dice.app; sourceTree = BUILT_PRODUCTS_DIR; };
		32B86E1F2785076F008FF5A7 /* Info.plist */ = {isa = PBXFileReference; lastKnownFileType = text.plist.xml; path = Info.plist; sourceTree = "<group>"; };
		32B86E242785076F008FF5A7 /* Dice.app */ = {isa = PBXFileReference; explicitFileType = wrapper.application; includeInIndex = 0; path = Dice.app; sourceTree = BUILT_PRODUCTS_DIR; };
		32B86E262785076F008FF5A7 /* Info.plist */ = {isa = PBXFileReference; lastKnownFileType = text.plist.xml; path = Info.plist; sourceTree = "<group>"; };
		32B86E272785076F008FF5A7 /* macOS.entitlements */ = {isa = PBXFileReference; lastKnownFileType = text.plist.entitlements; path = macOS.entitlements; sourceTree = "<group>"; };
		32B86E2C2785076F008FF5A7 /* Tests iOS.xctest */ = {isa = PBXFileReference; explicitFileType = wrapper.cfbundle; includeInIndex = 0; path = "Tests iOS.xctest"; sourceTree = BUILT_PRODUCTS_DIR; };
		32B86E302785076F008FF5A7 /* Tests_iOS.swift */ = {isa = PBXFileReference; lastKnownFileType = sourcecode.swift; path = Tests_iOS.swift; sourceTree = "<group>"; };
		32B86E322785076F008FF5A7 /* Info.plist */ = {isa = PBXFileReference; lastKnownFileType = text.plist.xml; path = Info.plist; sourceTree = "<group>"; };
		32B86E3727850770008FF5A7 /* Tests macOS.xctest */ = {isa = PBXFileReference; explicitFileType = wrapper.cfbundle; includeInIndex = 0; path = "Tests macOS.xctest"; sourceTree = BUILT_PRODUCTS_DIR; };
		32B86E3B27850770008FF5A7 /* Tests_macOS.swift */ = {isa = PBXFileReference; lastKnownFileType = sourcecode.swift; path = Tests_macOS.swift; sourceTree = "<group>"; };
		32B86E3D27850770008FF5A7 /* Info.plist */ = {isa = PBXFileReference; lastKnownFileType = text.plist.xml; path = Info.plist; sourceTree = "<group>"; };
/* End PBXFileReference section */

/* Begin PBXFrameworksBuildPhase section */
		32B86E192785076F008FF5A7 /* Frameworks */ = {
			isa = PBXFrameworksBuildPhase;
			buildActionMask = 2147483647;
			files = (
			);
			runOnlyForDeploymentPostprocessing = 0;
		};
		32B86E212785076F008FF5A7 /* Frameworks */ = {
			isa = PBXFrameworksBuildPhase;
			buildActionMask = 2147483647;
			files = (
			);
			runOnlyForDeploymentPostprocessing = 0;
		};
		32B86E292785076F008FF5A7 /* Frameworks */ = {
			isa = PBXFrameworksBuildPhase;
			buildActionMask = 2147483647;
			files = (
			);
			runOnlyForDeploymentPostprocessing = 0;
		};
		32B86E3427850770008FF5A7 /* Frameworks */ = {
			isa = PBXFrameworksBuildPhase;
			buildActionMask = 2147483647;
			files = (
			);
			runOnlyForDeploymentPostprocessing = 0;
		};
/* End PBXFrameworksBuildPhase section */

/* Begin PBXGroup section */
		32B86E0F27850769008FF5A7 = {
			isa = PBXGroup;
			children = (
				32B86E1427850769008FF5A7 /* Shared */,
				32B86E1E2785076F008FF5A7 /* iOS */,
				32B86E252785076F008FF5A7 /* macOS */,
				32B86E2F2785076F008FF5A7 /* Tests iOS */,
				32B86E3A27850770008FF5A7 /* Tests macOS */,
				32B86E1D2785076F008FF5A7 /* Products */,
			);
			sourceTree = "<group>";
		};
		32B86E1427850769008FF5A7 /* Shared */ = {
			isa = PBXGroup;
			children = (
				32B86E1527850769008FF5A7 /* DiceApp.swift */,
				32B86E1627850769008FF5A7 /* ContentView.swift */,
				32B86E172785076F008FF5A7 /* Assets.xcassets */,
			);
			path = Shared;
			sourceTree = "<group>";
		};
		32B86E1D2785076F008FF5A7 /* Products */ = {
			isa = PBXGroup;
			children = (
				32B86E1C2785076F008FF5A7 /* Dice.app */,
				32B86E242785076F008FF5A7 /* Dice.app */,
				32B86E2C2785076F008FF5A7 /* Tests iOS.xctest */,
				32B86E3727850770008FF5A7 /* Tests macOS.xctest */,
			);
			name = Products;
			sourceTree = "<group>";
		};
		32B86E1E2785076F008FF5A7 /* iOS */ = {
			isa = PBXGroup;
			children = (
				32B86E1F2785076F008FF5A7 /* Info.plist */,
			);
			path = iOS;
			sourceTree = "<group>";
		};
		32B86E252785076F008FF5A7 /* macOS */ = {
			isa = PBXGroup;
			children = (
				32B86E262785076F008FF5A7 /* Info.plist */,
				32B86E272785076F008FF5A7 /* macOS.entitlements */,
			);
			path = macOS;
			sourceTree = "<group>";
		};
		32B86E2F2785076F008FF5A7 /* Tests iOS */ = {
			isa = PBXGroup;
			children = (
				32B86E302785076F008FF5A7 /* Tests_iOS.swift */,
				32B86E322785076F008FF5A7 /* Info.plist */,
			);
			path = "Tests iOS";
			sourceTree = "<group>";
		};
		32B86E3A27850770008FF5A7 /* Tests macOS */ = {
			isa = PBXGroup;
			children = (
				32B86E3B27850770008FF5A7 /* Tests_macOS.swift */,
				32B86E3D27850770008FF5A7 /* Info.plist */,
			);
			path = "Tests macOS";
			sourceTree = "<group>";
		};
/* End PBXGroup section */

/* Begin PBXNativeTarget section */
		32B86E1B2785076F008FF5A7 /* Dice (iOS) */ = {
			isa = PBXNativeTarget;
			buildConfigurationList = 32B86E4627850770008FF5A7 /* Build configuration list for PBXNativeTarget "Dice (iOS)" */;
			buildPhases = (
				32B86E182785076F008FF5A7 /* Sources */,
				32B86E192785076F008FF5A7 /* Frameworks */,
				32B86E1A2785076F008FF5A7 /* Resources */,
			);
			buildRules = (
			);
			dependencies = (
			);
			name = "Dice (iOS)";
			productName = "Dice (iOS)";
			productReference = 32B86E1C2785076F008FF5A7 /* Dice.app */;
			productType = "com.apple.product-type.application";
		};
		32B86E232785076F008FF5A7 /* Dice (macOS) */ = {
			isa = PBXNativeTarget;
			buildConfigurationList = 32B86E4927850770008FF5A7 /* Build configuration list for PBXNativeTarget "Dice (macOS)" */;
			buildPhases = (
				32B86E202785076F008FF5A7 /* Sources */,
				32B86E212785076F008FF5A7 /* Frameworks */,
				32B86E222785076F008FF5A7 /* Resources */,
			);
			buildRules = (
			);
			dependencies = (
			);
			name = "Dice (macOS)";
			productName = "Dice (macOS)";
			productReference = 32B86E242785076F008FF5A7 /* Dice.app */;
			productType = "com.apple.product-type.application";
		};
		32B86E2B2785076F008FF5A7 /* Tests iOS */ = {
			isa = PBXNativeTarget;
			buildConfigurationList = 32B86E4C27850770008FF5A7 /* Build configuration list for PBXNativeTarget "Tests iOS" */;
			buildPhases = (
				32B86E282785076F008FF5A7 /* Sources */,
				32B86E292785076F008FF5A7 /* Frameworks */,
				32B86E2A2785076F008FF5A7 /* Resources */,
			);
			buildRules = (
			);
			dependencies = (
				32B86E2E2785076F008FF5A7 /* PBXTargetDependency */,
			);
			name = "Tests iOS";
			productName = "Tests iOS";
			productReference = 32B86E2C2785076F008FF5A7 /* Tests iOS.xctest */;
			productType = "com.apple.product-type.bundle.ui-testing";
		};
		32B86E3627850770008FF5A7 /* Tests macOS */ = {
			isa = PBXNativeTarget;
			buildConfigurationList = 32B86E4F27850770008FF5A7 /* Build configuration list for PBXNativeTarget "Tests macOS" */;
			buildPhases = (
				32B86E3327850770008FF5A7 /* Sources */,
				32B86E3427850770008FF5A7 /* Frameworks */,
				32B86E3527850770008FF5A7 /* Resources */,
			);
			buildRules = (
			);
			dependencies = (
				32B86E3927850770008FF5A7 /* PBXTargetDependency */,
			);
			name = "Tests macOS";
			productName = "Tests macOS";
			productReference = 32B86E3727850770008FF5A7 /* Tests macOS.xctest */;
			productType = "com.apple.product-type.bundle.ui-testing";
		};
/* End PBXNativeTarget section */

/* Begin PBXProject section */
		32B86E1027850769008FF5A7 /* Project object */ = {
			isa = PBXProject;
			attributes = {
				LastSwiftUpdateCheck = 1250;
				LastUpgradeCheck = 1320;
				TargetAttributes = {
					32B86E1B2785076F008FF5A7 = {
						CreatedOnToolsVersion = 12.5.1;
					};
					32B86E232785076F008FF5A7 = {
						CreatedOnToolsVersion = 12.5.1;
					};
					32B86E2B2785076F008FF5A7 = {
						CreatedOnToolsVersion = 12.5.1;
						TestTargetID = 32B86E1B2785076F008FF5A7;
					};
					32B86E3627850770008FF5A7 = {
						CreatedOnToolsVersion = 12.5.1;
						TestTargetID = 32B86E232785076F008FF5A7;
					};
				};
			};
			buildConfigurationList = 32B86E1327850769008FF5A7 /* Build configuration list for PBXProject "Dice" */;
			compatibilityVersion = "Xcode 9.3";
			developmentRegion = en;
			hasScannedForEncodings = 0;
			knownRegions = (
				en,
				Base,
			);
			mainGroup = 32B86E0F27850769008FF5A7;
			productRefGroup = 32B86E1D2785076F008FF5A7 /* Products */;
			projectDirPath = "";
			projectRoot = "";
			targets = (
				32B86E1B2785076F008FF5A7 /* Dice (iOS) */,
				32B86E232785076F008FF5A7 /* Dice (macOS) */,
				32B86E2B2785076F008FF5A7 /* Tests iOS */,
				32B86E3627850770008FF5A7 /* Tests macOS */,
			);
		};
/* End PBXProject section */

/* Begin PBXResourcesBuildPhase section */
		32B86E1A2785076F008FF5A7 /* Resources */ = {
			isa = PBXResourcesBuildPhase;
			buildActionMask = 2147483647;
			files = (
				32B86E4227850770008FF5A7 /* Assets.xcassets in Resources */,
			);
			runOnlyForDeploymentPostprocessing = 0;
		};
		32B86E222785076F008FF5A7 /* Resources */ = {
			isa = PBXResourcesBuildPhase;
			buildActionMask = 2147483647;
			files = (
				32B86E4327850770008FF5A7 /* Assets.xcassets in Resources */,
			);
			runOnlyForDeploymentPostprocessing = 0;
		};
		32B86E2A2785076F008FF5A7 /* Resources */ = {
			isa = PBXResourcesBuildPhase;
			buildActionMask = 2147483647;
			files = (
			);
			runOnlyForDeploymentPostprocessing = 0;
		};
		32B86E3527850770008FF5A7 /* Resources */ = {
			isa = PBXResourcesBuildPhase;
			buildActionMask = 2147483647;
			files = (
			);
			runOnlyForDeploymentPostprocessing = 0;
		};
/* End PBXResourcesBuildPhase section */

/* Begin PBXSourcesBuildPhase section */
		32B86E182785076F008FF5A7 /* Sources */ = {
			isa = PBXSourcesBuildPhase;
			buildActionMask = 2147483647;
			files = (
				32B86E4027850770008FF5A7 /* ContentView.swift in Sources */,
				32B86E3E27850770008FF5A7 /* DiceApp.swift in Sources */,
			);
			runOnlyForDeploymentPostprocessing = 0;
		};
		32B86E202785076F008FF5A7 /* Sources */ = {
			isa = PBXSourcesBuildPhase;
			buildActionMask = 2147483647;
			files = (
				32B86E4127850770008FF5A7 /* ContentView.swift in Sources */,
				32B86E3F27850770008FF5A7 /* DiceApp.swift in Sources */,
			);
			runOnlyForDeploymentPostprocessing = 0;
		};
		32B86E282785076F008FF5A7 /* Sources */ = {
			isa = PBXSourcesBuildPhase;
			buildActionMask = 2147483647;
			files = (
				32B86E312785076F008FF5A7 /* Tests_iOS.swift in Sources */,
			);
			runOnlyForDeploymentPostprocessing = 0;
		};
		32B86E3327850770008FF5A7 /* Sources */ = {
			isa = PBXSourcesBuildPhase;
			buildActionMask = 2147483647;
			files = (
				32B86E3C27850770008FF5A7 /* Tests_macOS.swift in Sources */,
			);
			runOnlyForDeploymentPostprocessing = 0;
		};
/* End PBXSourcesBuildPhase section */

/* Begin PBXTargetDependency section */
		32B86E2E2785076F008FF5A7 /* PBXTargetDependency */ = {
			isa = PBXTargetDependency;
			target = 32B86E1B2785076F008FF5A7 /* Dice (iOS) */;
			targetProxy = 32B86E2D2785076F008FF5A7 /* PBXContainerItemProxy */;
		};
		32B86E3927850770008FF5A7 /* PBXTargetDependency */ = {
			isa = PBXTargetDependency;
			target = 32B86E232785076F008FF5A7 /* Dice (macOS) */;
			targetProxy = 32B86E3827850770008FF5A7 /* PBXContainerItemProxy */;
		};
/* End PBXTargetDependency section */

/* Begin XCBuildConfiguration section */
		32B86E4427850770008FF5A7 /* Debug */ = {
			isa = XCBuildConfiguration;
			buildSettings = {
				ALWAYS_SEARCH_USER_PATHS = NO;
				CLANG_ANALYZER_NONNULL = YES;
				CLANG_ANALYZER_NUMBER_OBJECT_CONVERSION = YES_AGGRESSIVE;
				CLANG_CXX_LANGUAGE_STANDARD = "gnu++14";
				CLANG_CXX_LIBRARY = "libc++";
				CLANG_ENABLE_MODULES = YES;
				CLANG_ENABLE_OBJC_ARC = YES;
				CLANG_ENABLE_OBJC_WEAK = YES;
				CLANG_WARN_BLOCK_CAPTURE_AUTORELEASING = YES;
				CLANG_WARN_BOOL_CONVERSION = YES;
				CLANG_WARN_COMMA = YES;
				CLANG_WARN_CONSTANT_CONVERSION = YES;
				CLANG_WARN_DEPRECATED_OBJC_IMPLEMENTATIONS = YES;
				CLANG_WARN_DIRECT_OBJC_ISA_USAGE = YES_ERROR;
				CLANG_WARN_DOCUMENTATION_COMMENTS = YES;
				CLANG_WARN_EMPTY_BODY = YES;
				CLANG_WARN_ENUM_CONVERSION = YES;
				CLANG_WARN_INFINITE_RECURSION = YES;
				CLANG_WARN_INT_CONVERSION = YES;
				CLANG_WARN_NON_LITERAL_NULL_CONVERSION = YES;
				CLANG_WARN_OBJC_IMPLICIT_RETAIN_SELF = YES;
				CLANG_WARN_OBJC_LITERAL_CONVERSION = YES;
				CLANG_WARN_OBJC_ROOT_CLASS = YES_ERROR;
				CLANG_WARN_QUOTED_INCLUDE_IN_FRAMEWORK_HEADER = YES;
				CLANG_WARN_RANGE_LOOP_ANALYSIS = YES;
				CLANG_WARN_STRICT_PROTOTYPES = YES;
				CLANG_WARN_SUSPICIOUS_MOVE = YES;
				CLANG_WARN_UNGUARDED_AVAILABILITY = YES_AGGRESSIVE;
				CLANG_WARN_UNREACHABLE_CODE = YES;
				CLANG_WARN__DUPLICATE_METHOD_MATCH = YES;
				COPY_PHASE_STRIP = NO;
				DEBUG_INFORMATION_FORMAT = dwarf;
				ENABLE_STRICT_OBJC_MSGSEND = YES;
				ENABLE_TESTABILITY = YES;
				GCC_C_LANGUAGE_STANDARD = gnu11;
				GCC_DYNAMIC_NO_PIC = NO;
				GCC_NO_COMMON_BLOCKS = YES;
				GCC_OPTIMIZATION_LEVEL = 0;
				GCC_PREPROCESSOR_DEFINITIONS = (
					"DEBUG=1",
					"$(inherited)",
				);
				GCC_WARN_64_TO_32_BIT_CONVERSION = YES;
				GCC_WARN_ABOUT_RETURN_TYPE = YES_ERROR;
				GCC_WARN_UNDECLARED_SELECTOR = YES;
				GCC_WARN_UNINITIALIZED_AUTOS = YES_AGGRESSIVE;
				GCC_WARN_UNUSED_FUNCTION = YES;
				GCC_WARN_UNUSED_VARIABLE = YES;
				MTL_ENABLE_DEBUG_INFO = INCLUDE_SOURCE;
				MTL_FAST_MATH = YES;
				ONLY_ACTIVE_ARCH = YES;
				SWIFT_ACTIVE_COMPILATION_CONDITIONS = DEBUG;
				SWIFT_OPTIMIZATION_LEVEL = "-Onone";
			};
			name = Debug;
		};
		32B86E4527850770008FF5A7 /* Release */ = {
			isa = XCBuildConfiguration;
			buildSettings = {
				ALWAYS_SEARCH_USER_PATHS = NO;
				CLANG_ANALYZER_NONNULL = YES;
				CLANG_ANALYZER_NUMBER_OBJECT_CONVERSION = YES_AGGRESSIVE;
				CLANG_CXX_LANGUAGE_STANDARD = "gnu++14";
				CLANG_CXX_LIBRARY = "libc++";
				CLANG_ENABLE_MODULES = YES;
				CLANG_ENABLE_OBJC_ARC = YES;
				CLANG_ENABLE_OBJC_WEAK = YES;
				CLANG_WARN_BLOCK_CAPTURE_AUTORELEASING = YES;
				CLANG_WARN_BOOL_CONVERSION = YES;
				CLANG_WARN_COMMA = YES;
				CLANG_WARN_CONSTANT_CONVERSION = YES;
				CLANG_WARN_DEPRECATED_OBJC_IMPLEMENTATIONS = YES;
				CLANG_WARN_DIRECT_OBJC_ISA_USAGE = YES_ERROR;
				CLANG_WARN_DOCUMENTATION_COMMENTS = YES;
				CLANG_WARN_EMPTY_BODY = YES;
				CLANG_WARN_ENUM_CONVERSION = YES;
				CLANG_WARN_INFINITE_RECURSION = YES;
				CLANG_WARN_INT_CONVERSION = YES;
				CLANG_WARN_NON_LITERAL_NULL_CONVERSION = YES;
				CLANG_WARN_OBJC_IMPLICIT_RETAIN_SELF = YES;
				CLANG_WARN_OBJC_LITERAL_CONVERSION = YES;
				CLANG_WARN_OBJC_ROOT_CLASS = YES_ERROR;
				CLANG_WARN_QUOTED_INCLUDE_IN_FRAMEWORK_HEADER = YES;
				CLANG_WARN_RANGE_LOOP_ANALYSIS = YES;
				CLANG_WARN_STRICT_PROTOTYPES = YES;
				CLANG_WARN_SUSPICIOUS_MOVE = YES;
				CLANG_WARN_UNGUARDED_AVAILABILITY = YES_AGGRESSIVE;
				CLANG_WARN_UNREACHABLE_CODE = YES;
				CLANG_WARN__DUPLICATE_METHOD_MATCH = YES;
				COPY_PHASE_STRIP = NO;
				DEBUG_INFORMATION_FORMAT = "dwarf-with-dsym";
				ENABLE_NS_ASSERTIONS = NO;
				ENABLE_STRICT_OBJC_MSGSEND = YES;
				GCC_C_LANGUAGE_STANDARD = gnu11;
				GCC_NO_COMMON_BLOCKS = YES;
				GCC_WARN_64_TO_32_BIT_CONVERSION = YES;
				GCC_WARN_ABOUT_RETURN_TYPE = YES_ERROR;
				GCC_WARN_UNDECLARED_SELECTOR = YES;
				GCC_WARN_UNINITIALIZED_AUTOS = YES_AGGRESSIVE;
				GCC_WARN_UNUSED_FUNCTION = YES;
				GCC_WARN_UNUSED_VARIABLE = YES;
				MTL_ENABLE_DEBUG_INFO = NO;
				MTL_FAST_MATH = YES;
				SWIFT_COMPILATION_MODE = wholemodule;
				SWIFT_OPTIMIZATION_LEVEL = "-O";
			};
			name = Release;
		};
		32B86E4727850770008FF5A7 /* Debug */ = {
			isa = XCBuildConfiguration;
			buildSettings = {
				ASSETCATALOG_COMPILER_APPICON_NAME = AppIcon;
				ASSETCATALOG_COMPILER_GLOBAL_ACCENT_COLOR_NAME = AccentColor;
				CODE_SIGN_STYLE = Automatic;
				DEVELOPMENT_TEAM = J8W5TT8ZFQ;
				ENABLE_PREVIEWS = YES;
				INFOPLIST_FILE = iOS/Info.plist;
				IPHONEOS_DEPLOYMENT_TARGET = 14.0;
				LD_RUNPATH_SEARCH_PATHS = (
					"$(inherited)",
					"@executable_path/Frameworks",
				);
				PRODUCT_BUNDLE_IDENTIFIER = com.example.Dice;
				PRODUCT_NAME = Dice;
				SDKROOT = iphoneos;
				SWIFT_VERSION = 5.0;
				TARGETED_DEVICE_FAMILY = "1,2";
			};
			name = Debug;
		};
		32B86E4827850770008FF5A7 /* Release */ = {
			isa = XCBuildConfiguration;
			buildSettings = {
				ASSETCATALOG_COMPILER_APPICON_NAME = AppIcon;
				ASSETCATALOG_COMPILER_GLOBAL_ACCENT_COLOR_NAME = AccentColor;
				CODE_SIGN_STYLE = Automatic;
				DEVELOPMENT_TEAM = J8W5TT8ZFQ;
				ENABLE_PREVIEWS = YES;
				INFOPLIST_FILE = iOS/Info.plist;
				IPHONEOS_DEPLOYMENT_TARGET = 14.0;
				LD_RUNPATH_SEARCH_PATHS = (
					"$(inherited)",
					"@executable_path/Frameworks",
				);
				PRODUCT_BUNDLE_IDENTIFIER = com.example.Dice;
				PRODUCT_NAME = Dice;
				SDKROOT = iphoneos;
				SWIFT_VERSION = 5.0;
				TARGETED_DEVICE_FAMILY = "1,2";
				VALIDATE_PRODUCT = YES;
			};
			name = Release;
		};
		32B86E4A27850770008FF5A7 /* Debug */ = {
			isa = XCBuildConfiguration;
			buildSettings = {
				ASSETCATALOG_COMPILER_APPICON_NAME = AppIcon;
				ASSETCATALOG_COMPILER_GLOBAL_ACCENT_COLOR_NAME = AccentColor;
				CODE_SIGN_ENTITLEMENTS = macOS/macOS.entitlements;
				CODE_SIGN_IDENTITY = "-";
				CODE_SIGN_STYLE = Automatic;
				COMBINE_HIDPI_IMAGES = YES;
				DEVELOPMENT_TEAM = J8W5TT8ZFQ;
				ENABLE_HARDENED_RUNTIME = YES;
				ENABLE_PREVIEWS = YES;
				INFOPLIST_FILE = macOS/Info.plist;
				LD_RUNPATH_SEARCH_PATHS = (
					"$(inherited)",
					"@executable_path/../Frameworks",
				);
				MACOSX_DEPLOYMENT_TARGET = 11.0;
				PRODUCT_BUNDLE_IDENTIFIER = com.example.Dice;
				PRODUCT_NAME = Dice;
				SDKROOT = macosx;
				SWIFT_VERSION = 5.0;
			};
			name = Debug;
		};
		32B86E4B27850770008FF5A7 /* Release */ = {
			isa = XCBuildConfiguration;
			buildSettings = {
				ASSETCATALOG_COMPILER_APPICON_NAME = AppIcon;
				ASSETCATALOG_COMPILER_GLOBAL_ACCENT_COLOR_NAME = AccentColor;
				CODE_SIGN_ENTITLEMENTS = macOS/macOS.entitlements;
				CODE_SIGN_IDENTITY = "-";
				CODE_SIGN_STYLE = Automatic;
				COMBINE_HIDPI_IMAGES = YES;
				DEVELOPMENT_TEAM = J8W5TT8ZFQ;
				ENABLE_HARDENED_RUNTIME = YES;
				ENABLE_PREVIEWS = YES;
				INFOPLIST_FILE = macOS/Info.plist;
				LD_RUNPATH_SEARCH_PATHS = (
					"$(inherited)",
					"@executable_path/../Frameworks",
				);
				MACOSX_DEPLOYMENT_TARGET = 11.0;
				PRODUCT_BUNDLE_IDENTIFIER = com.example.Dice;
				PRODUCT_NAME = Dice;
				SDKROOT = macosx;
				SWIFT_VERSION = 5.0;
			};
			name = Release;
		};
		32B86E4D27850770008FF5A7 /* Debug */ = {
			isa = XCBuildConfiguration;
			buildSettings = {
				ALWAYS_EMBED_SWIFT_STANDARD_LIBRARIES = YES;
				CODE_SIGN_STYLE = Automatic;
				DEVELOPMENT_TEAM = J8W5TT8ZFQ;
				INFOPLIST_FILE = "Tests iOS/Info.plist";
				IPHONEOS_DEPLOYMENT_TARGET = 14.5;
				LD_RUNPATH_SEARCH_PATHS = (
					"$(inherited)",
					"@executable_path/Frameworks",
					"@loader_path/Frameworks",
				);
				PRODUCT_BUNDLE_IDENTIFIER = "com.example.Tests-iOS";
				PRODUCT_NAME = "$(TARGET_NAME)";
				SDKROOT = iphoneos;
				SWIFT_VERSION = 5.0;
				TARGETED_DEVICE_FAMILY = "1,2";
				TEST_TARGET_NAME = "Dice (iOS)";
			};
			name = Debug;
		};
		32B86E4E27850770008FF5A7 /* Release */ = {
			isa = XCBuildConfiguration;
			buildSettings = {
				ALWAYS_EMBED_SWIFT_STANDARD_LIBRARIES = YES;
				CODE_SIGN_STYLE = Automatic;
				DEVELOPMENT_TEAM = J8W5TT8ZFQ;
				INFOPLIST_FILE = "Tests iOS/Info.plist";
				IPHONEOS_DEPLOYMENT_TARGET = 14.5;
				LD_RUNPATH_SEARCH_PATHS = (
					"$(inherited)",
					"@executable_path/Frameworks",
					"@loader_path/Frameworks",
				);
				PRODUCT_BUNDLE_IDENTIFIER = "com.example.Tests-iOS";
				PRODUCT_NAME = "$(TARGET_NAME)";
				SDKROOT = iphoneos;
				SWIFT_VERSION = 5.0;
				TARGETED_DEVICE_FAMILY = "1,2";
				TEST_TARGET_NAME = "Dice (iOS)";
				VALIDATE_PRODUCT = YES;
			};
			name = Release;
		};
		32B86E5027850770008FF5A7 /* Debug */ = {
			isa = XCBuildConfiguration;
			buildSettings = {
				ALWAYS_EMBED_SWIFT_STANDARD_LIBRARIES = YES;
				CODE_SIGN_STYLE = Automatic;
				COMBINE_HIDPI_IMAGES = YES;
				DEVELOPMENT_TEAM = J8W5TT8ZFQ;
				INFOPLIST_FILE = "Tests macOS/Info.plist";
				LD_RUNPATH_SEARCH_PATHS = (
					"$(inherited)",
					"@executable_path/../Frameworks",
					"@loader_path/../Frameworks",
				);
				MACOSX_DEPLOYMENT_TARGET = 11.2;
				PRODUCT_BUNDLE_IDENTIFIER = "com.example.Tests-macOS";
				PRODUCT_NAME = "$(TARGET_NAME)";
				SDKROOT = macosx;
				SWIFT_VERSION = 5.0;
				TEST_TARGET_NAME = "Dice (macOS)";
			};
			name = Debug;
		};
		32B86E5127850770008FF5A7 /* Release */ = {
			isa = XCBuildConfiguration;
			buildSettings = {
				ALWAYS_EMBED_SWIFT_STANDARD_LIBRARIES = YES;
				CODE_SIGN_STYLE = Automatic;
				COMBINE_HIDPI_IMAGES = YES;
				DEVELOPMENT_TEAM = J8W5TT8ZFQ;
				INFOPLIST_FILE = "Tests macOS/Info.plist";
				LD_RUNPATH_SEARCH_PATHS = (
					"$(inherited)",
					"@executable_path/../Frameworks",
					"@loader_path/../Frameworks",
				);
				MACOSX_DEPLOYMENT_TARGET = 11.2;
				PRODUCT_BUNDLE_IDENTIFIER = "com.example.Tests-macOS";
				PRODUCT_NAME = "$(TARGET_NAME)";
				SDKROOT = macosx;
				SWIFT_VERSION = 5.0;
				TEST_TARGET_NAME = "Dice (macOS)";
			};
			name = Release;
		};
/* End XCBuildConfiguration section */

/* Begin XCConfigurationList section */
		32B86E1327850769008FF5A7 /* Build configuration list for PBXProject "Dice" */ = {
			isa = XCConfigurationList;
			buildConfigurations = (
				32B86E4427850770008FF5A7 /* Debug */,
				32B86E4527850770008FF5A7 /* Release */,
			);
			defaultConfigurationIsVisible = 0;
			defaultConfigurationName = Release;
		};
		32B86E4627850770008FF5A7 /* Build configuration list for PBXNativeTarget "Dice (iOS)" */ = {
			isa = XCConfigurationList;
			buildConfigurations = (
				32B86E4727850770008FF5A7 /* Debug */,
				32B86E4827850770008FF5A7 /* Release */,
			);
			defaultConfigurationIsVisible = 0;
			defaultConfigurationName = Release;
		};
		32B86E4927850770008FF5A7 /* Build configuration list for PBXNativeTarget "Dice (macOS)" */ = {
			isa = XCConfigurationList;
			buildConfigurations = (
				32B86E4A27850770008FF5A7 /* Debug */,
				32B86E4B27850770008FF5A7 /* Release */,
			);
			defaultConfigurationIsVisible = 0;
			defaultConfigurationName = Release;
		};
		32B86E4C27850770008FF5A7 /* Build configuration list for PBXNativeTarget "Tests iOS" */ = {
			isa = XCConfigurationList;
			buildConfigurations = (
				32B86E4D27850770008FF5A7 /* Debug */,
				32B86E4E27850770008FF5A7 /* Release */,
			);
			defaultConfigurationIsVisible = 0;
			defaultConfigurationName = Release;
		};
		32B86E4F27850770008FF5A7 /* Build configuration list for PBXNativeTarget "Tests macOS" */ = {
			isa = XCConfigurationList;
			buildConfigurations = (
				32B86E5027850770008FF5A7 /* Debug */,
				32B86E5127850770008FF5A7 /* Release */,
			);
			defaultConfigurationIsVisible = 0;
			defaultConfigurationName = Release;
		};
/* End XCConfigurationList section */
	};
	rootObject = 32B86E1027850769008FF5A7 /* Project object */;
}
